{
  "originHash" : "14d5c58abed59965d678c68fcc20611821f2f01c4a40eabb053b13350eb0f04d",
  "pins" : [
    {
      "identity" : "imkswift",
      "kind" : "remoteSourceControl",
      "location" : "https://github.com/vChewing/IMKSwift.git",
      "state" : {
        "revision" : "be4e776cc0b93bda31ce3904005bf4d94526de19",
        "version" : "26.3.7"
      }
    },
    {
      "identity" : "libhangul-swift",
      "kind" : "remoteSourceControl",
      "location" : "https://github.com/Meapri/libhangul-swift.git",
      "state" : {
        "branch" : "main",
        "revision" : "d50f34b82deebc3c44a3b0a88ea0849f7230609c"
      }
    },
    {
      "identity" : "sparkle",
      "kind" : "remoteSourceControl",
      "location" : "https://github.com/sparkle-project/Sparkle",
      "state" : {
        "revision" : "066e75a8b3e99962685d6a90cdd5293ebffd9261",
        "version" : "2.9.1"
      }
    }
  ],
  "version" : 3
}
